
Microsoft Visual Studio Solution File, Format Version 12.00
# Visual Studio Version 17
VisualStudioVersion = 17.5.33414.496
MinimumVisualStudioVersion = 10.0.40219.1
Project("{FAE04EC0-301F-11D3-BF4B-00C04F79EFBC}") = "ConsoleAppTarde", "ConsoleAppTarde\ConsoleAppTarde.csproj", "{3F70E82A-81AC-4E2D-AF9F-886CA1F0EB58}"
EndProject
Global
	GlobalSection(SolutionConfigurationPlatforms) = preSolution
		Debug|Any CPU = Debug|Any CPU
		Release|Any CPU = Release|Any CPU
	EndGlobalSection
	GlobalSection(ProjectConfigurationPlatforms) = postSolution
		{3F70E82A-81AC-4E2D-AF9F-886CA1F0EB58}.Debug|Any CPU.ActiveCfg = Debug|Any CPU
		{3F70E82A-81AC-4E2D-AF9F-886CA1F0EB58}.Debug|Any CPU.Build.0 = Debug|Any CPU
		{3F70E82A-81AC-4E2D-AF9F-886CA1F0EB58}.Release|Any CPU.ActiveCfg = Release|Any CPU
		{3F70E82A-81AC-4E2D-AF9F-886CA1F0EB58}.Release|Any CPU.Build.0 = Release|Any CPU
	EndGlobalSection
	GlobalSection(SolutionProperties) = preSolution
		HideSolutionNode = FALSE
	EndGlobalSection
	GlobalSection(ExtensibilityGlobals) = postSolution
		SolutionGuid = {280D1E46-5591-4297-A52E-6D358D55B0C1}
	EndGlobalSection
EndGlobal
